
Microsoft Visual Studio Solution File, Format Version 12.00
# Visual Studio Version 16
VisualStudioVersion = 16.0.30907.101
MinimumVisualStudioVersion = 10.0.40219.1
Project("{9A19103F-16F7-4668-BE54-9A1E7A4F7556}") = "HW1", "HW1\HW1.csproj", "{0F384AF3-0C1B-4FC4-816E-AD4CF2922A80}"
EndProject
Project("{2150E333-8FDC-42A3-9474-1A3956D46DE8}") = "HW2", "HW2", "{B24DA2DF-2C51-4256-A7A1-8CECF29D5CCF}"
EndProject
Project("{FAE04EC0-301F-11D3-BF4B-00C04F79EFBC}") = "HW2-1", "HW2-1\HW2-1.csproj", "{DAC01628-2707-4FF9-B230-3D810DD601B0}"
EndProject
Project("{FAE04EC0-301F-11D3-BF4B-00C04F79EFBC}") = "HW2-2", "HW2-2\HW2-2.csproj", "{3B485036-18CC-41DB-BC85-85481CF15275}"
EndProject
Project("{FAE04EC0-301F-11D3-BF4B-00C04F79EFBC}") = "HW2-3", "HW2-3\HW2-3.csproj", "{7250F77A-6123-4DAC-9115-B45D9BB3572A}"
EndProject
Global
	GlobalSection(SolutionConfigurationPlatforms) = preSolution
		Debug|Any CPU = Debug|Any CPU
		Release|Any CPU = Release|Any CPU
	EndGlobalSection
	GlobalSection(ProjectConfigurationPlatforms) = postSolution
		{0F384AF3-0C1B-4FC4-816E-AD4CF2922A80}.Debug|Any CPU.ActiveCfg = Debug|Any CPU
		{0F384AF3-0C1B-4FC4-816E-AD4CF2922A80}.Debug|Any CPU.Build.0 = Debug|Any CPU
		{0F384AF3-0C1B-4FC4-816E-AD4CF2922A80}.Release|Any CPU.ActiveCfg = Release|Any CPU
		{0F384AF3-0C1B-4FC4-816E-AD4CF2922A80}.Release|Any CPU.Build.0 = Release|Any CPU
		{DAC01628-2707-4FF9-B230-3D810DD601B0}.Debug|Any CPU.ActiveCfg = Debug|Any CPU
		{DAC01628-2707-4FF9-B230-3D810DD601B0}.Debug|Any CPU.Build.0 = Debug|Any CPU
		{DAC01628-2707-4FF9-B230-3D810DD601B0}.Release|Any CPU.ActiveCfg = Release|Any CPU
		{DAC01628-2707-4FF9-B230-3D810DD601B0}.Release|Any CPU.Build.0 = Release|Any CPU
		{3B485036-18CC-41DB-BC85-85481CF15275}.Debug|Any CPU.ActiveCfg = Debug|Any CPU
		{3B485036-18CC-41DB-BC85-85481CF15275}.Debug|Any CPU.Build.0 = Debug|Any CPU
		{3B485036-18CC-41DB-BC85-85481CF15275}.Release|Any CPU.ActiveCfg = Release|Any CPU
		{3B485036-18CC-41DB-BC85-85481CF15275}.Release|Any CPU.Build.0 = Release|Any CPU
		{7250F77A-6123-4DAC-9115-B45D9BB3572A}.Debug|Any CPU.ActiveCfg = Debug|Any CPU
		{7250F77A-6123-4DAC-9115-B45D9BB3572A}.Debug|Any CPU.Build.0 = Debug|Any CPU
		{7250F77A-6123-4DAC-9115-B45D9BB3572A}.Release|Any CPU.ActiveCfg = Release|Any CPU
		{7250F77A-6123-4DAC-9115-B45D9BB3572A}.Release|Any CPU.Build.0 = Release|Any CPU
	EndGlobalSection
	GlobalSection(SolutionProperties) = preSolution
		HideSolutionNode = FALSE
	EndGlobalSection
	GlobalSection(NestedProjects) = preSolution
		{DAC01628-2707-4FF9-B230-3D810DD601B0} = {B24DA2DF-2C51-4256-A7A1-8CECF29D5CCF}
		{3B485036-18CC-41DB-BC85-85481CF15275} = {B24DA2DF-2C51-4256-A7A1-8CECF29D5CCF}
		{7250F77A-6123-4DAC-9115-B45D9BB3572A} = {B24DA2DF-2C51-4256-A7A1-8CECF29D5CCF}
	EndGlobalSection
	GlobalSection(ExtensibilityGlobals) = postSolution
		SolutionGuid = {3E916422-A646-4CF0-8992-8C39D42C8473}
	EndGlobalSection
EndGlobal
