
Microsoft Visual Studio Solution File, Format Version 12.00
# Visual Studio Version 16
VisualStudioVersion = 16.0.30907.101
MinimumVisualStudioVersion = 10.0.40219.1
Project("{9A19103F-16F7-4668-BE54-9A1E7A4F7556}") = "HW1", "HW1\HW1.csproj", "{0F384AF3-0C1B-4FC4-816E-AD4CF2922A80}"
EndProject
Project("{2150E333-8FDC-42A3-9474-1A3956D46DE8}") = "HW3", "HW3", "{170B2CD1-ADD3-4836-8609-D85A410E3249}"
EndProject
Project("{FAE04EC0-301F-11D3-BF4B-00C04F79EFBC}") = "HW3-1", "HW3-1\HW3-1.csproj", "{74287C3B-8D2C-43CE-B3EA-C031C3B9001E}"
EndProject
Project("{FAE04EC0-301F-11D3-BF4B-00C04F79EFBC}") = "HW3-2", "HW 3-2\HW3-2.csproj", "{089F6BD3-F1F4-4705-8275-4AC6BCE4B0E9}"
EndProject
Global
	GlobalSection(SolutionConfigurationPlatforms) = preSolution
		Debug|Any CPU = Debug|Any CPU
		Release|Any CPU = Release|Any CPU
	EndGlobalSection
	GlobalSection(ProjectConfigurationPlatforms) = postSolution
		{0F384AF3-0C1B-4FC4-816E-AD4CF2922A80}.Debug|Any CPU.ActiveCfg = Debug|Any CPU
		{0F384AF3-0C1B-4FC4-816E-AD4CF2922A80}.Debug|Any CPU.Build.0 = Debug|Any CPU
		{0F384AF3-0C1B-4FC4-816E-AD4CF2922A80}.Release|Any CPU.ActiveCfg = Release|Any CPU
		{0F384AF3-0C1B-4FC4-816E-AD4CF2922A80}.Release|Any CPU.Build.0 = Release|Any CPU
		{74287C3B-8D2C-43CE-B3EA-C031C3B9001E}.Debug|Any CPU.ActiveCfg = Debug|Any CPU
		{74287C3B-8D2C-43CE-B3EA-C031C3B9001E}.Debug|Any CPU.Build.0 = Debug|Any CPU
		{74287C3B-8D2C-43CE-B3EA-C031C3B9001E}.Release|Any CPU.ActiveCfg = Release|Any CPU
		{74287C3B-8D2C-43CE-B3EA-C031C3B9001E}.Release|Any CPU.Build.0 = Release|Any CPU
		{089F6BD3-F1F4-4705-8275-4AC6BCE4B0E9}.Debug|Any CPU.ActiveCfg = Debug|Any CPU
		{089F6BD3-F1F4-4705-8275-4AC6BCE4B0E9}.Debug|Any CPU.Build.0 = Debug|Any CPU
		{089F6BD3-F1F4-4705-8275-4AC6BCE4B0E9}.Release|Any CPU.ActiveCfg = Release|Any CPU
		{089F6BD3-F1F4-4705-8275-4AC6BCE4B0E9}.Release|Any CPU.Build.0 = Release|Any CPU
	EndGlobalSection
	GlobalSection(SolutionProperties) = preSolution
		HideSolutionNode = FALSE
	EndGlobalSection
	GlobalSection(NestedProjects) = preSolution
		{74287C3B-8D2C-43CE-B3EA-C031C3B9001E} = {170B2CD1-ADD3-4836-8609-D85A410E3249}
		{089F6BD3-F1F4-4705-8275-4AC6BCE4B0E9} = {170B2CD1-ADD3-4836-8609-D85A410E3249}
	EndGlobalSection
	GlobalSection(ExtensibilityGlobals) = postSolution
		SolutionGuid = {3E916422-A646-4CF0-8992-8C39D42C8473}
	EndGlobalSection
EndGlobal
