
Microsoft Visual Studio Solution File, Format Version 12.00
# Visual Studio Version 16
VisualStudioVersion = 16.0.30907.101
MinimumVisualStudioVersion = 10.0.40219.1
Project("{FAE04EC0-301F-11D3-BF4B-00C04F79EFBC}") = "HW1", "HW1\HW1.csproj", "{0F384AF3-0C1B-4FC4-816E-AD4CF2922A80}"
EndProject
Global
	GlobalSection(SolutionConfigurationPlatforms) = preSolution
		Debug|Any CPU = Debug|Any CPU
		Release|Any CPU = Release|Any CPU
	EndGlobalSection
	GlobalSection(ProjectConfigurationPlatforms) = postSolution
		{0F384AF3-0C1B-4FC4-816E-AD4CF2922A80}.Debug|Any CPU.ActiveCfg = Debug|Any CPU
		{0F384AF3-0C1B-4FC4-816E-AD4CF2922A80}.Debug|Any CPU.Build.0 = Debug|Any CPU
		{0F384AF3-0C1B-4FC4-816E-AD4CF2922A80}.Release|Any CPU.ActiveCfg = Release|Any CPU
		{0F384AF3-0C1B-4FC4-816E-AD4CF2922A80}.Release|Any CPU.Build.0 = Release|Any CPU
	EndGlobalSection
	GlobalSection(SolutionProperties) = preSolution
		HideSolutionNode = FALSE
	EndGlobalSection
	GlobalSection(ExtensibilityGlobals) = postSolution
		SolutionGuid = {3E916422-A646-4CF0-8992-8C39D42C8473}
	EndGlobalSection
EndGlobal
